
Microsoft Visual Studio Solution File, Format Version 12.00
# Visual Studio Version 17
VisualStudioVersion = 17.1.32319.34
MinimumVisualStudioVersion = 10.0.40219.1
Project("{FAE04EC0-301F-11D3-BF4B-00C04F79EFBC}") = "TestMobileApp.Android", "TestMobileApp\TestMobileApp.Android\TestMobileApp.Android.csproj", "{E0B36A90-F125-4D28-A1CE-6C94B303A3A0}"
EndProject
Project("{FAE04EC0-301F-11D3-BF4B-00C04F79EFBC}") = "TestMobileApp.iOS", "TestMobileApp\TestMobileApp.iOS\TestMobileApp.iOS.csproj", "{E555C63A-59FB-4317-8BC6-4EAC9FE10F41}"
EndProject
Project("{FAE04EC0-301F-11D3-BF4B-00C04F79EFBC}") = "TestMobileApp", "TestMobileApp\TestMobileApp\TestMobileApp.csproj", "{813AA1C5-E78B-44B8-9832-F72F6AE9DF3A}"
EndProject
Global
	GlobalSection(SolutionConfigurationPlatforms) = preSolution
		Debug|Any CPU = Debug|Any CPU
		Debug|iPhone = Debug|iPhone
		Debug|iPhoneSimulator = Debug|iPhoneSimulator
		Release|Any CPU = Release|Any CPU
		Release|iPhone = Release|iPhone
		Release|iPhoneSimulator = Release|iPhoneSimulator
	EndGlobalSection
	GlobalSection(ProjectConfigurationPlatforms) = postSolution
		{E0B36A90-F125-4D28-A1CE-6C94B303A3A0}.Debug|Any CPU.ActiveCfg = Debug|Any CPU
		{E0B36A90-F125-4D28-A1CE-6C94B303A3A0}.Debug|Any CPU.Build.0 = Debug|Any CPU
		{E0B36A90-F125-4D28-A1CE-6C94B303A3A0}.Debug|Any CPU.Deploy.0 = Debug|Any CPU
		{E0B36A90-F125-4D28-A1CE-6C94B303A3A0}.Debug|iPhone.ActiveCfg = Debug|Any CPU
		{E0B36A90-F125-4D28-A1CE-6C94B303A3A0}.Debug|iPhone.Build.0 = Debug|Any CPU
		{E0B36A90-F125-4D28-A1CE-6C94B303A3A0}.Debug|iPhone.Deploy.0 = Debug|Any CPU
		{E0B36A90-F125-4D28-A1CE-6C94B303A3A0}.Debug|iPhoneSimulator.ActiveCfg = Debug|Any CPU
		{E0B36A90-F125-4D28-A1CE-6C94B303A3A0}.Debug|iPhoneSimulator.Build.0 = Debug|Any CPU
		{E0B36A90-F125-4D28-A1CE-6C94B303A3A0}.Debug|iPhoneSimulator.Deploy.0 = Debug|Any CPU
		{E0B36A90-F125-4D28-A1CE-6C94B303A3A0}.Release|Any CPU.ActiveCfg = Release|Any CPU
		{E0B36A90-F125-4D28-A1CE-6C94B303A3A0}.Release|Any CPU.Build.0 = Release|Any CPU
		{E0B36A90-F125-4D28-A1CE-6C94B303A3A0}.Release|Any CPU.Deploy.0 = Release|Any CPU
		{E0B36A90-F125-4D28-A1CE-6C94B303A3A0}.Release|iPhone.ActiveCfg = Release|Any CPU
		{E0B36A90-F125-4D28-A1CE-6C94B303A3A0}.Release|iPhone.Build.0 = Release|Any CPU
		{E0B36A90-F125-4D28-A1CE-6C94B303A3A0}.Release|iPhone.Deploy.0 = Release|Any CPU
		{E0B36A90-F125-4D28-A1CE-6C94B303A3A0}.Release|iPhoneSimulator.ActiveCfg = Release|Any CPU
		{E0B36A90-F125-4D28-A1CE-6C94B303A3A0}.Release|iPhoneSimulator.Build.0 = Release|Any CPU
		{E0B36A90-F125-4D28-A1CE-6C94B303A3A0}.Release|iPhoneSimulator.Deploy.0 = Release|Any CPU
		{E555C63A-59FB-4317-8BC6-4EAC9FE10F41}.Debug|Any CPU.ActiveCfg = Debug|iPhone
		{E555C63A-59FB-4317-8BC6-4EAC9FE10F41}.Debug|Any CPU.Build.0 = Debug|iPhone
		{E555C63A-59FB-4317-8BC6-4EAC9FE10F41}.Debug|Any CPU.Deploy.0 = Debug|iPhone
		{E555C63A-59FB-4317-8BC6-4EAC9FE10F41}.Debug|iPhone.ActiveCfg = Debug|iPhone
		{E555C63A-59FB-4317-8BC6-4EAC9FE10F41}.Debug|iPhone.Build.0 = Debug|iPhone
		{E555C63A-59FB-4317-8BC6-4EAC9FE10F41}.Debug|iPhone.Deploy.0 = Debug|iPhone
		{E555C63A-59FB-4317-8BC6-4EAC9FE10F41}.Debug|iPhoneSimulator.ActiveCfg = Debug|iPhoneSimulator
		{E555C63A-59FB-4317-8BC6-4EAC9FE10F41}.Debug|iPhoneSimulator.Build.0 = Debug|iPhoneSimulator
		{E555C63A-59FB-4317-8BC6-4EAC9FE10F41}.Debug|iPhoneSimulator.Deploy.0 = Debug|iPhoneSimulator
		{E555C63A-59FB-4317-8BC6-4EAC9FE10F41}.Release|Any CPU.ActiveCfg = Release|iPhoneSimulator
		{E555C63A-59FB-4317-8BC6-4EAC9FE10F41}.Release|Any CPU.Build.0 = Release|iPhoneSimulator
		{E555C63A-59FB-4317-8BC6-4EAC9FE10F41}.Release|Any CPU.Deploy.0 = Release|iPhoneSimulator
		{E555C63A-59FB-4317-8BC6-4EAC9FE10F41}.Release|iPhone.ActiveCfg = Release|iPhone
		{E555C63A-59FB-4317-8BC6-4EAC9FE10F41}.Release|iPhone.Build.0 = Release|iPhone
		{E555C63A-59FB-4317-8BC6-4EAC9FE10F41}.Release|iPhone.Deploy.0 = Release|iPhone
		{E555C63A-59FB-4317-8BC6-4EAC9FE10F41}.Release|iPhoneSimulator.ActiveCfg = Release|iPhoneSimulator
		{E555C63A-59FB-4317-8BC6-4EAC9FE10F41}.Release|iPhoneSimulator.Build.0 = Release|iPhoneSimulator
		{E555C63A-59FB-4317-8BC6-4EAC9FE10F41}.Release|iPhoneSimulator.Deploy.0 = Release|iPhoneSimulator
		{813AA1C5-E78B-44B8-9832-F72F6AE9DF3A}.Debug|Any CPU.ActiveCfg = Debug|Any CPU
		{813AA1C5-E78B-44B8-9832-F72F6AE9DF3A}.Debug|Any CPU.Build.0 = Debug|Any CPU
		{813AA1C5-E78B-44B8-9832-F72F6AE9DF3A}.Debug|Any CPU.Deploy.0 = Debug|Any CPU
		{813AA1C5-E78B-44B8-9832-F72F6AE9DF3A}.Debug|iPhone.ActiveCfg = Debug|Any CPU
		{813AA1C5-E78B-44B8-9832-F72F6AE9DF3A}.Debug|iPhone.Build.0 = Debug|Any CPU
		{813AA1C5-E78B-44B8-9832-F72F6AE9DF3A}.Debug|iPhone.Deploy.0 = Debug|Any CPU
		{813AA1C5-E78B-44B8-9832-F72F6AE9DF3A}.Debug|iPhoneSimulator.ActiveCfg = Debug|Any CPU
		{813AA1C5-E78B-44B8-9832-F72F6AE9DF3A}.Debug|iPhoneSimulator.Build.0 = Debug|Any CPU
		{813AA1C5-E78B-44B8-9832-F72F6AE9DF3A}.Debug|iPhoneSimulator.Deploy.0 = Debug|Any CPU
		{813AA1C5-E78B-44B8-9832-F72F6AE9DF3A}.Release|Any CPU.ActiveCfg = Release|Any CPU
		{813AA1C5-E78B-44B8-9832-F72F6AE9DF3A}.Release|Any CPU.Build.0 = Release|Any CPU
		{813AA1C5-E78B-44B8-9832-F72F6AE9DF3A}.Release|Any CPU.Deploy.0 = Release|Any CPU
		{813AA1C5-E78B-44B8-9832-F72F6AE9DF3A}.Release|iPhone.ActiveCfg = Release|Any CPU
		{813AA1C5-E78B-44B8-9832-F72F6AE9DF3A}.Release|iPhone.Build.0 = Release|Any CPU
		{813AA1C5-E78B-44B8-9832-F72F6AE9DF3A}.Release|iPhone.Deploy.0 = Release|Any CPU
		{813AA1C5-E78B-44B8-9832-F72F6AE9DF3A}.Release|iPhoneSimulator.ActiveCfg = Release|Any CPU
		{813AA1C5-E78B-44B8-9832-F72F6AE9DF3A}.Release|iPhoneSimulator.Build.0 = Release|Any CPU
		{813AA1C5-E78B-44B8-9832-F72F6AE9DF3A}.Release|iPhoneSimulator.Deploy.0 = Release|Any CPU
	EndGlobalSection
	GlobalSection(SolutionProperties) = preSolution
		HideSolutionNode = FALSE
	EndGlobalSection
	GlobalSection(ExtensibilityGlobals) = postSolution
		SolutionGuid = {CE78A710-9D84-42D2-9B69-7DAD5A3B8C56}
	EndGlobalSection
EndGlobal
